
Microsoft Visual Studio Solution File, Format Version 12.00
# Visual Studio Version 17
VisualStudioVersion = 17.9.34728.123
MinimumVisualStudioVersion = 10.0.40219.1
Project("{FAE04EC0-301F-11D3-BF4B-00C04F79EFBC}") = "CustomApp", "CustomApp\CustomApp.csproj", "{8A5A968D-A36D-4AE8-9168-ED97C0B45E85}"
EndProject
Project("{FAE04EC0-301F-11D3-BF4B-00C04F79EFBC}") = "Core", "Core\Core.csproj", "{93F12778-92A0-4C74-934A-CEBE92D7BF00}"
EndProject
Global
	GlobalSection(SolutionConfigurationPlatforms) = preSolution
		Debug|Any CPU = Debug|Any CPU
		Release|Any CPU = Release|Any CPU
	EndGlobalSection
	GlobalSection(ProjectConfigurationPlatforms) = postSolution
		{8A5A968D-A36D-4AE8-9168-ED97C0B45E85}.Debug|Any CPU.ActiveCfg = Debug|Any CPU
		{8A5A968D-A36D-4AE8-9168-ED97C0B45E85}.Debug|Any CPU.Build.0 = Debug|Any CPU
		{8A5A968D-A36D-4AE8-9168-ED97C0B45E85}.Release|Any CPU.ActiveCfg = Release|Any CPU
		{8A5A968D-A36D-4AE8-9168-ED97C0B45E85}.Release|Any CPU.Build.0 = Release|Any CPU
		{93F12778-92A0-4C74-934A-CEBE92D7BF00}.Debug|Any CPU.ActiveCfg = Debug|Any CPU
		{93F12778-92A0-4C74-934A-CEBE92D7BF00}.Debug|Any CPU.Build.0 = Debug|Any CPU
		{93F12778-92A0-4C74-934A-CEBE92D7BF00}.Release|Any CPU.ActiveCfg = Release|Any CPU
		{93F12778-92A0-4C74-934A-CEBE92D7BF00}.Release|Any CPU.Build.0 = Release|Any CPU
	EndGlobalSection
	GlobalSection(SolutionProperties) = preSolution
		HideSolutionNode = FALSE
	EndGlobalSection
	GlobalSection(ExtensibilityGlobals) = postSolution
		SolutionGuid = {39459107-32F5-48A7-A9EA-8D8AB4F8980B}
	EndGlobalSection
EndGlobal
